
Microsoft Visual Studio Solution File, Format Version 12.00
# Visual Studio Version 16
VisualStudioVersion = 16.0.30413.136
MinimumVisualStudioVersion = 10.0.40219.1
Project("{FAE04EC0-301F-11D3-BF4B-00C04F79EFBC}") = "H3ll0 W0rld", "H3ll0 W0rld\H3ll0 W0rld.csproj", "{7F82F617-8781-478F-84BA-E4238A136450}"
EndProject
Global
	GlobalSection(SolutionConfigurationPlatforms) = preSolution
		Debug|Any CPU = Debug|Any CPU
		Release|Any CPU = Release|Any CPU
	EndGlobalSection
	GlobalSection(ProjectConfigurationPlatforms) = postSolution
		{7F82F617-8781-478F-84BA-E4238A136450}.Debug|Any CPU.ActiveCfg = Debug|Any CPU
		{7F82F617-8781-478F-84BA-E4238A136450}.Debug|Any CPU.Build.0 = Debug|Any CPU
		{7F82F617-8781-478F-84BA-E4238A136450}.Release|Any CPU.ActiveCfg = Release|Any CPU
		{7F82F617-8781-478F-84BA-E4238A136450}.Release|Any CPU.Build.0 = Release|Any CPU
	EndGlobalSection
	GlobalSection(SolutionProperties) = preSolution
		HideSolutionNode = FALSE
	EndGlobalSection
	GlobalSection(ExtensibilityGlobals) = postSolution
		SolutionGuid = {776CDCCE-8CCD-414C-9495-A3DF9F31B4C7}
	EndGlobalSection
EndGlobal
