
Microsoft Visual Studio Solution File, Format Version 12.00
# Visual Studio Version 16
VisualStudioVersion = 16.0.30413.136
MinimumVisualStudioVersion = 10.0.40219.1
Project("{FAE04EC0-301F-11D3-BF4B-00C04F79EFBC}") = "OOPLabb1", "OOPLabb1\OOPLabb1.csproj", "{9B97C149-DA00-4202-A04D-9B26613028A5}"
EndProject
Global
	GlobalSection(SolutionConfigurationPlatforms) = preSolution
		Debug|Any CPU = Debug|Any CPU
		Release|Any CPU = Release|Any CPU
	EndGlobalSection
	GlobalSection(ProjectConfigurationPlatforms) = postSolution
		{9B97C149-DA00-4202-A04D-9B26613028A5}.Debug|Any CPU.ActiveCfg = Debug|Any CPU
		{9B97C149-DA00-4202-A04D-9B26613028A5}.Debug|Any CPU.Build.0 = Debug|Any CPU
		{9B97C149-DA00-4202-A04D-9B26613028A5}.Release|Any CPU.ActiveCfg = Release|Any CPU
		{9B97C149-DA00-4202-A04D-9B26613028A5}.Release|Any CPU.Build.0 = Release|Any CPU
	EndGlobalSection
	GlobalSection(SolutionProperties) = preSolution
		HideSolutionNode = FALSE
	EndGlobalSection
	GlobalSection(ExtensibilityGlobals) = postSolution
		SolutionGuid = {ECB22840-D09B-4E18-BACE-EC8EF2F97680}
	EndGlobalSection
EndGlobal
